
Microsoft Visual Studio Solution File, Format Version 12.00
# Visual Studio Version 17
VisualStudioVersion = 17.6.33801.468
MinimumVisualStudioVersion = 10.0.40219.1
Project("{FAE04EC0-301F-11D3-BF4B-00C04F79EFBC}") = "FrequencyDictionaryApp", "FrequencyDictionaryApp\FrequencyDictionaryApp.csproj", "{F99B36DF-EE40-4F5F-8F63-570C4F015714}"
EndProject
Project("{FAE04EC0-301F-11D3-BF4B-00C04F79EFBC}") = "FrequencyDictionaryAppTest", "TestProject1\FrequencyDictionaryAppTest.csproj", "{E5E6620A-297C-4BB5-8C51-EB8ACDCB1572}"
EndProject
Global
	GlobalSection(SolutionConfigurationPlatforms) = preSolution
		Debug|Any CPU = Debug|Any CPU
		Release|Any CPU = Release|Any CPU
	EndGlobalSection
	GlobalSection(ProjectConfigurationPlatforms) = postSolution
		{F99B36DF-EE40-4F5F-8F63-570C4F015714}.Debug|Any CPU.ActiveCfg = Debug|Any CPU
		{F99B36DF-EE40-4F5F-8F63-570C4F015714}.Debug|Any CPU.Build.0 = Debug|Any CPU
		{F99B36DF-EE40-4F5F-8F63-570C4F015714}.Release|Any CPU.ActiveCfg = Release|Any CPU
		{F99B36DF-EE40-4F5F-8F63-570C4F015714}.Release|Any CPU.Build.0 = Release|Any CPU
		{E5E6620A-297C-4BB5-8C51-EB8ACDCB1572}.Debug|Any CPU.ActiveCfg = Debug|Any CPU
		{E5E6620A-297C-4BB5-8C51-EB8ACDCB1572}.Debug|Any CPU.Build.0 = Debug|Any CPU
		{E5E6620A-297C-4BB5-8C51-EB8ACDCB1572}.Release|Any CPU.ActiveCfg = Release|Any CPU
		{E5E6620A-297C-4BB5-8C51-EB8ACDCB1572}.Release|Any CPU.Build.0 = Release|Any CPU
	EndGlobalSection
	GlobalSection(SolutionProperties) = preSolution
		HideSolutionNode = FALSE
	EndGlobalSection
	GlobalSection(ExtensibilityGlobals) = postSolution
		SolutionGuid = {E99DC170-61C7-43B5-A7D8-54BF95C5E0FE}
	EndGlobalSection
EndGlobal
